
Microsoft Visual Studio Solution File, Format Version 12.00
# Visual Studio Version 17
VisualStudioVersion = 17.0.31919.166
MinimumVisualStudioVersion = 10.0.40219.1
Project("{FAE04EC0-301F-11D3-BF4B-00C04F79EFBC}") = "Project", "Project\Project.csproj", "{D9431B9E-37C0-4C43-975B-709D3012002A}"
EndProject
Global
	GlobalSection(SolutionConfigurationPlatforms) = preSolution
		Debug|Any CPU = Debug|Any CPU
		Release|Any CPU = Release|Any CPU
	EndGlobalSection
	GlobalSection(ProjectConfigurationPlatforms) = postSolution
		{D9431B9E-37C0-4C43-975B-709D3012002A}.Debug|Any CPU.ActiveCfg = Debug|Any CPU
		{D9431B9E-37C0-4C43-975B-709D3012002A}.Debug|Any CPU.Build.0 = Debug|Any CPU
		{D9431B9E-37C0-4C43-975B-709D3012002A}.Release|Any CPU.ActiveCfg = Release|Any CPU
		{D9431B9E-37C0-4C43-975B-709D3012002A}.Release|Any CPU.Build.0 = Release|Any CPU
	EndGlobalSection
	GlobalSection(SolutionProperties) = preSolution
		HideSolutionNode = FALSE
	EndGlobalSection
	GlobalSection(ExtensibilityGlobals) = postSolution
		SolutionGuid = {BB1F4AD2-F35B-47D8-8B45-2F8A567E8045}
	EndGlobalSection
EndGlobal
